// !$*UTF8*$!
{
	archiveVersion = 1;
	classes = {
	};
	objectVersion = 55;
	objects = {

/* Begin PBXBuildFile section */
		02CE3E05275E8DC900D5DC6C /* SetFilterButtons.swift in Sources */ = {isa = PBXBuildFile; fileRef = 02CE3E04275E8DC900D5DC6C /* SetFilterButtons.swift */; };
		02CE3E07275E8DD900D5DC6C /* SetFilterButtons.xib in Resources */ = {isa = PBXBuildFile; fileRef = 02CE3E06275E8DD900D5DC6C /* SetFilterButtons.xib */; };
		00B877BA275E71EB00F91872 /* Github_Teste.md in Resources */ = {isa = PBXBuildFile; fileRef = 00B877B9275E71EB00F91872 /* Github_Teste.md */; };
		00B877C1275E782400F91872 /* GitCollectionViewCell.swift in Sources */ = {isa = PBXBuildFile; fileRef = 00B877BF275E782400F91872 /* GitCollectionViewCell.swift */; };
		00B877C2275E782400F91872 /* GitCollectionViewCell.xib in Resources */ = {isa = PBXBuildFile; fileRef = 00B877C0275E782400F91872 /* GitCollectionViewCell.xib */; };
		0E0A290C275F82C3008AA72E /* RepositoryBranchesResponseDto.swift in Sources */ = {isa = PBXBuildFile; fileRef = 0E0A290B275F82C3008AA72E /* RepositoryBranchesResponseDto.swift */; };
		0E0A290E275F83EF008AA72E /* repository-branches-response-mock.json in Resources */ = {isa = PBXBuildFile; fileRef = 0E0A290D275F83EF008AA72E /* repository-branches-response-mock.json */; };
		0E0A2910275F84F5008AA72E /* RepositoryBranchResponseDto.swift in Sources */ = {isa = PBXBuildFile; fileRef = 0E0A290F275F84F5008AA72E /* RepositoryBranchResponseDto.swift */; };
		0E0A2918275FF196008AA72E /* RepositoryContributorsResponseDto.swift in Sources */ = {isa = PBXBuildFile; fileRef = 0E0A2917275FF196008AA72E /* RepositoryContributorsResponseDto.swift */; };
		0E0A291A275FF414008AA72E /* repository-contributors-response-mock.json in Resources */ = {isa = PBXBuildFile; fileRef = 0E0A2919275FF414008AA72E /* repository-contributors-response-mock.json */; };
		0E0A291C275FF4D5008AA72E /* RepositoryContributorResponseDto.swift in Sources */ = {isa = PBXBuildFile; fileRef = 0E0A291B275FF4D5008AA72E /* RepositoryContributorResponseDto.swift */; };
		0E12AF4B275E2DC900B67984 /* ViewController.xib in Resources */ = {isa = PBXBuildFile; fileRef = 0E12AF4A275E2DC800B67984 /* ViewController.xib */; };
		0E12AF50275E4CBB00B67984 /* GitHubApi.swift in Sources */ = {isa = PBXBuildFile; fileRef = 0E12AF4F275E4CBB00B67984 /* GitHubApi.swift */; };
		0E12AF54275E535C00B67984 /* repositories-response-mock.json in Resources */ = {isa = PBXBuildFile; fileRef = 0E12AF53275E535C00B67984 /* repositories-response-mock.json */; };
		0E12AF57275E647600B67984 /* DataMockable.swift in Sources */ = {isa = PBXBuildFile; fileRef = 0E12AF56275E647600B67984 /* DataMockable.swift */; };
		0E12AF5A275E64B600B67984 /* RepositoriesResponseDto.swift in Sources */ = {isa = PBXBuildFile; fileRef = 0E12AF59275E64B600B67984 /* RepositoriesResponseDto.swift */; };
		0E12AF5C275E64D400B67984 /* RepositoryResponseDto.swift in Sources */ = {isa = PBXBuildFile; fileRef = 0E12AF5B275E64D400B67984 /* RepositoryResponseDto.swift */; };
		0E12AF5E275E8F1E00B67984 /* RepositoryDetailsResponseDto.swift in Sources */ = {isa = PBXBuildFile; fileRef = 0E12AF5D275E8F1E00B67984 /* RepositoryDetailsResponseDto.swift */; };
		0E12AF60275E93FD00B67984 /* repository-details-response-mock.json in Resources */ = {isa = PBXBuildFile; fileRef = 0E12AF5F275E93FD00B67984 /* repository-details-response-mock.json */; };
		0E12AF63275EA33B00B67984 /* RepositoryDetails.swift in Sources */ = {isa = PBXBuildFile; fileRef = 0E12AF62275EA33B00B67984 /* RepositoryDetails.swift */; };
		0E12AF65275EA64A00B67984 /* Repositories.swift in Sources */ = {isa = PBXBuildFile; fileRef = 0E12AF64275EA64A00B67984 /* Repositories.swift */; };
		0E12AF67275EACA400B67984 /* repository-readme-mock.md in Resources */ = {isa = PBXBuildFile; fileRef = 0E12AF66275EACA400B67984 /* repository-readme-mock.md */; };
		0E12AF69275EAEB900B67984 /* RepositoryReadmeResponseDto.swift in Sources */ = {isa = PBXBuildFile; fileRef = 0E12AF68275EAEB900B67984 /* RepositoryReadmeResponseDto.swift */; };
		0EF776CB275E296C00F0B742 /* AppDelegate.swift in Sources */ = {isa = PBXBuildFile; fileRef = 0EF776CA275E296C00F0B742 /* AppDelegate.swift */; };
		0EF776CD275E296C00F0B742 /* SceneDelegate.swift in Sources */ = {isa = PBXBuildFile; fileRef = 0EF776CC275E296C00F0B742 /* SceneDelegate.swift */; };
		0EF776CF275E296C00F0B742 /* ViewController.swift in Sources */ = {isa = PBXBuildFile; fileRef = 0EF776CE275E296C00F0B742 /* ViewController.swift */; };
		0EF776D4275E296E00F0B742 /* Assets.xcassets in Resources */ = {isa = PBXBuildFile; fileRef = 0EF776D3275E296E00F0B742 /* Assets.xcassets */; };
		0EF776D7275E296E00F0B742 /* LaunchScreen.storyboard in Resources */ = {isa = PBXBuildFile; fileRef = 0EF776D5275E296E00F0B742 /* LaunchScreen.storyboard */; };
		0EF776E2275E296E00F0B742 /* DesafioModalTests.swift in Sources */ = {isa = PBXBuildFile; fileRef = 0EF776E1275E296E00F0B742 /* DesafioModalTests.swift */; };
		0EF776EC275E296E00F0B742 /* DesafioModalUITests.swift in Sources */ = {isa = PBXBuildFile; fileRef = 0EF776EB275E296E00F0B742 /* DesafioModalUITests.swift */; };
		0EF776EE275E296E00F0B742 /* DesafioModalUITestsLaunchTests.swift in Sources */ = {isa = PBXBuildFile; fileRef = 0EF776ED275E296E00F0B742 /* DesafioModalUITestsLaunchTests.swift */; };
		2B0BCB6F0B85534D45DE8CC4 /* Github_Teste.md in Resources */ = {isa = PBXBuildFile; fileRef = D82A843AE6246870E40A0015 /* Github_Teste.md */; };
		2FA737CD2BA380EE16C95DDE /* GitTableViewCell.xib in Resources */ = {isa = PBXBuildFile; fileRef = 1298DCCEE9FE575BDBE3D875 /* GitTableViewCell.xib */; };
		8F3A012B447D920B83E0CE61 /* GitTableViewCell.swift in Sources */ = {isa = PBXBuildFile; fileRef = EF4CF2E30A290EA55B22CB7E /* GitTableViewCell.swift */; };
/* End PBXBuildFile section */

/* Begin PBXContainerItemProxy section */
		0EF776DE275E296E00F0B742 /* PBXContainerItemProxy */ = {
			isa = PBXContainerItemProxy;
			containerPortal = 0EF776BF275E296C00F0B742 /* Project object */;
			proxyType = 1;
			remoteGlobalIDString = 0EF776C6275E296C00F0B742;
			remoteInfo = "desafio-modal";
		};
		0EF776E8275E296E00F0B742 /* PBXContainerItemProxy */ = {
			isa = PBXContainerItemProxy;
			containerPortal = 0EF776BF275E296C00F0B742 /* Project object */;
			proxyType = 1;
			remoteGlobalIDString = 0EF776C6275E296C00F0B742;
			remoteInfo = "desafio-modal";
		};
/* End PBXContainerItemProxy section */

/* Begin PBXFileReference section */
		02CE3E04275E8DC900D5DC6C /* SetFilterButtons.swift */ = {isa = PBXFileReference; lastKnownFileType = sourcecode.swift; path = SetFilterButtons.swift; sourceTree = "<group>"; };
		02CE3E06275E8DD900D5DC6C /* SetFilterButtons.xib */ = {isa = PBXFileReference; lastKnownFileType = file.xib; path = SetFilterButtons.xib; sourceTree = "<group>"; };
		00B877B9275E71EB00F91872 /* Github_Teste.md */ = {isa = PBXFileReference; fileEncoding = 4; lastKnownFileType = net.daringfireball.markdown; path = Github_Teste.md; sourceTree = "<group>"; };
		00B877BF275E782400F91872 /* GitCollectionViewCell.swift */ = {isa = PBXFileReference; lastKnownFileType = sourcecode.swift; path = GitCollectionViewCell.swift; sourceTree = "<group>"; };
		00B877C0275E782400F91872 /* GitCollectionViewCell.xib */ = {isa = PBXFileReference; lastKnownFileType = file.xib; path = GitCollectionViewCell.xib; sourceTree = "<group>"; };
		0E0A290B275F82C3008AA72E /* RepositoryBranchesResponseDto.swift */ = {isa = PBXFileReference; lastKnownFileType = sourcecode.swift; path = RepositoryBranchesResponseDto.swift; sourceTree = "<group>"; };
		0E0A290D275F83EF008AA72E /* repository-branches-response-mock.json */ = {isa = PBXFileReference; fileEncoding = 4; lastKnownFileType = text.json; path = "repository-branches-response-mock.json"; sourceTree = "<group>"; };
		0E0A290F275F84F5008AA72E /* RepositoryBranchResponseDto.swift */ = {isa = PBXFileReference; lastKnownFileType = sourcecode.swift; path = RepositoryBranchResponseDto.swift; sourceTree = "<group>"; };
		0E0A2917275FF196008AA72E /* RepositoryContributorsResponseDto.swift */ = {isa = PBXFileReference; lastKnownFileType = sourcecode.swift; path = RepositoryContributorsResponseDto.swift; sourceTree = "<group>"; };
		0E0A2919275FF414008AA72E /* repository-contributors-response-mock.json */ = {isa = PBXFileReference; fileEncoding = 4; lastKnownFileType = text.json; path = "repository-contributors-response-mock.json"; sourceTree = "<group>"; };
		0E0A291B275FF4D5008AA72E /* RepositoryContributorResponseDto.swift */ = {isa = PBXFileReference; lastKnownFileType = sourcecode.swift; path = RepositoryContributorResponseDto.swift; sourceTree = "<group>"; };
		0E12AF4A275E2DC800B67984 /* ViewController.xib */ = {isa = PBXFileReference; lastKnownFileType = file.xib; path = ViewController.xib; sourceTree = "<group>"; };
		0E12AF4F275E4CBB00B67984 /* GitHubApi.swift */ = {isa = PBXFileReference; lastKnownFileType = sourcecode.swift; path = GitHubApi.swift; sourceTree = "<group>"; };
		0E12AF53275E535C00B67984 /* repositories-response-mock.json */ = {isa = PBXFileReference; fileEncoding = 4; lastKnownFileType = text.json; name = "repositories-response-mock.json"; path = "mocks/repositories-response-mock.json"; sourceTree = SOURCE_ROOT; };
		0E12AF56275E647600B67984 /* DataMockable.swift */ = {isa = PBXFileReference; lastKnownFileType = sourcecode.swift; path = DataMockable.swift; sourceTree = "<group>"; };
		0E12AF59275E64B600B67984 /* RepositoriesResponseDto.swift */ = {isa = PBXFileReference; lastKnownFileType = sourcecode.swift; path = RepositoriesResponseDto.swift; sourceTree = "<group>"; };
		0E12AF5B275E64D400B67984 /* RepositoryResponseDto.swift */ = {isa = PBXFileReference; lastKnownFileType = sourcecode.swift; path = RepositoryResponseDto.swift; sourceTree = "<group>"; };
		0E12AF5D275E8F1E00B67984 /* RepositoryDetailsResponseDto.swift */ = {isa = PBXFileReference; lastKnownFileType = sourcecode.swift; path = RepositoryDetailsResponseDto.swift; sourceTree = "<group>"; };
		0E12AF5F275E93FD00B67984 /* repository-details-response-mock.json */ = {isa = PBXFileReference; fileEncoding = 4; lastKnownFileType = text.json; path = "repository-details-response-mock.json"; sourceTree = "<group>"; };
		0E12AF62275EA33B00B67984 /* RepositoryDetails.swift */ = {isa = PBXFileReference; lastKnownFileType = sourcecode.swift; path = RepositoryDetails.swift; sourceTree = "<group>"; };
		0E12AF64275EA64A00B67984 /* Repositories.swift */ = {isa = PBXFileReference; lastKnownFileType = sourcecode.swift; path = Repositories.swift; sourceTree = "<group>"; };
		0E12AF66275EACA400B67984 /* repository-readme-mock.md */ = {isa = PBXFileReference; lastKnownFileType = net.daringfireball.markdown; path = "repository-readme-mock.md"; sourceTree = "<group>"; };
		0E12AF68275EAEB900B67984 /* RepositoryReadmeResponseDto.swift */ = {isa = PBXFileReference; lastKnownFileType = sourcecode.swift; path = RepositoryReadmeResponseDto.swift; sourceTree = "<group>"; };
		0EF776C7275E296C00F0B742 /* desafio-modal.app */ = {isa = PBXFileReference; explicitFileType = wrapper.application; includeInIndex = 0; path = "desafio-modal.app"; sourceTree = BUILT_PRODUCTS_DIR; };
		0EF776CA275E296C00F0B742 /* AppDelegate.swift */ = {isa = PBXFileReference; lastKnownFileType = sourcecode.swift; path = AppDelegate.swift; sourceTree = "<group>"; };
		0EF776CC275E296C00F0B742 /* SceneDelegate.swift */ = {isa = PBXFileReference; lastKnownFileType = sourcecode.swift; path = SceneDelegate.swift; sourceTree = "<group>"; };
		0EF776CE275E296C00F0B742 /* ViewController.swift */ = {isa = PBXFileReference; lastKnownFileType = sourcecode.swift; path = ViewController.swift; sourceTree = "<group>"; };
		0EF776D3275E296E00F0B742 /* Assets.xcassets */ = {isa = PBXFileReference; lastKnownFileType = folder.assetcatalog; path = Assets.xcassets; sourceTree = "<group>"; };
		0EF776D6275E296E00F0B742 /* Base */ = {isa = PBXFileReference; lastKnownFileType = file.storyboard; name = Base; path = Base.lproj/LaunchScreen.storyboard; sourceTree = "<group>"; };
		0EF776D8275E296E00F0B742 /* Info.plist */ = {isa = PBXFileReference; lastKnownFileType = text.plist.xml; path = Info.plist; sourceTree = "<group>"; };
		0EF776DD275E296E00F0B742 /* desafio-modalTests.xctest */ = {isa = PBXFileReference; explicitFileType = wrapper.cfbundle; includeInIndex = 0; path = "desafio-modalTests.xctest"; sourceTree = BUILT_PRODUCTS_DIR; };
		0EF776E1275E296E00F0B742 /* DesafioModalTests.swift */ = {isa = PBXFileReference; lastKnownFileType = sourcecode.swift; path = DesafioModalTests.swift; sourceTree = "<group>"; };
		0EF776E7275E296E00F0B742 /* desafio-modalUITests.xctest */ = {isa = PBXFileReference; explicitFileType = wrapper.cfbundle; includeInIndex = 0; path = "desafio-modalUITests.xctest"; sourceTree = BUILT_PRODUCTS_DIR; };
		0EF776EB275E296E00F0B742 /* DesafioModalUITests.swift */ = {isa = PBXFileReference; lastKnownFileType = sourcecode.swift; path = DesafioModalUITests.swift; sourceTree = "<group>"; };
		0EF776ED275E296E00F0B742 /* DesafioModalUITestsLaunchTests.swift */ = {isa = PBXFileReference; lastKnownFileType = sourcecode.swift; path = DesafioModalUITestsLaunchTests.swift; sourceTree = "<group>"; };
		1298DCCEE9FE575BDBE3D875 /* GitTableViewCell.xib */ = {isa = PBXFileReference; lastKnownFileType = file.xib; path = GitTableViewCell.xib; sourceTree = "<group>"; };
		D82A843AE6246870E40A0015 /* Github_Teste.md */ = {isa = PBXFileReference; fileEncoding = 4; lastKnownFileType = net.daringfireball.markdown; path = Github_Teste.md; sourceTree = "<group>"; };
		EF4CF2E30A290EA55B22CB7E /* GitTableViewCell.swift */ = {isa = PBXFileReference; lastKnownFileType = sourcecode.swift; path = GitTableViewCell.swift; sourceTree = "<group>"; };
/* End PBXFileReference section */

/* Begin PBXFrameworksBuildPhase section */
		0EF776C4275E296C00F0B742 /* Frameworks */ = {
			isa = PBXFrameworksBuildPhase;
			buildActionMask = 2147483647;
			files = (
			);
			runOnlyForDeploymentPostprocessing = 0;
		};
		0EF776DA275E296E00F0B742 /* Frameworks */ = {
			isa = PBXFrameworksBuildPhase;
			buildActionMask = 2147483647;
			files = (
			);
			runOnlyForDeploymentPostprocessing = 0;
		};
		0EF776E4275E296E00F0B742 /* Frameworks */ = {
			isa = PBXFrameworksBuildPhase;
			buildActionMask = 2147483647;
			files = (
			);
			runOnlyForDeploymentPostprocessing = 0;
		};
/* End PBXFrameworksBuildPhase section */

/* Begin PBXGroup section */
		02CE3DFF275E85F700D5DC6C /* components */ = {
			isa = PBXGroup;
			children = (
				02CE3E04275E8DC900D5DC6C /* SetFilterButtons.swift */,
				02CE3E06275E8DD900D5DC6C /* SetFilterButtons.xib */,
			);
			path = components;
			sourceTree = "<group>";
		};
		0E12AF4C275E2DD400B67984 /* views */ = {
			isa = PBXGroup;
			children = (
				0EF776D5275E296E00F0B742 /* LaunchScreen.storyboard */,
				0E12AF4A275E2DC800B67984 /* ViewController.xib */,
				1298DCCEE9FE575BDBE3D875 /* GitTableViewCell.xib */,
				D54B00D2F21E52996E083D87 /* Components */,
			);
			path = views;
			sourceTree = "<group>";
		};
		0E12AF4D275E2E2000B67984 /* controllers */ = {
			isa = PBXGroup;
			children = (
				0EF776CE275E296C00F0B742 /* ViewController.swift */,
				EF4CF2E30A290EA55B22CB7E /* GitTableViewCell.swift */,
			);
			path = controllers;
			sourceTree = "<group>";
		};
		0E12AF4E275E2E2800B67984 /* delegates */ = {
			isa = PBXGroup;
			children = (
				0EF776CA275E296C00F0B742 /* AppDelegate.swift */,
				0EF776CC275E296C00F0B742 /* SceneDelegate.swift */,
			);
			path = delegates;
			sourceTree = "<group>";
		};
		0E12AF51275E4E8B00B67984 /* API */ = {
			isa = PBXGroup;
			children = (
				0E12AF61275EA32600B67984 /* models */,
				0E12AF58275E649F00B67984 /* DTOs */,
				0E12AF55275E646600B67984 /* protocols */,
				0E12AF4F275E4CBB00B67984 /* GitHubApi.swift */,
			);
			path = API;
			sourceTree = "<group>";
		};
		0E12AF52275E534300B67984 /* mocks */ = {
			isa = PBXGroup;
			children = (
				0E12AF5F275E93FD00B67984 /* repository-details-response-mock.json */,
				0E0A290D275F83EF008AA72E /* repository-branches-response-mock.json */,
				0E0A2919275FF414008AA72E /* repository-contributors-response-mock.json */,
				0E12AF53275E535C00B67984 /* repositories-response-mock.json */,
				0E12AF66275EACA400B67984 /* repository-readme-mock.md */,
			);
			path = mocks;
			sourceTree = "<group>";
		};
		0E12AF55275E646600B67984 /* protocols */ = {
			isa = PBXGroup;
			children = (
				0E12AF56275E647600B67984 /* DataMockable.swift */,
			);
			path = protocols;
			sourceTree = "<group>";
		};
		0E12AF58275E649F00B67984 /* DTOs */ = {
			isa = PBXGroup;
			children = (
				0E12AF59275E64B600B67984 /* RepositoriesResponseDto.swift */,
				0E12AF5B275E64D400B67984 /* RepositoryResponseDto.swift */,
				0E12AF5D275E8F1E00B67984 /* RepositoryDetailsResponseDto.swift */,
				0E12AF68275EAEB900B67984 /* RepositoryReadmeResponseDto.swift */,
				0E0A290B275F82C3008AA72E /* RepositoryBranchesResponseDto.swift */,
				0E0A290F275F84F5008AA72E /* RepositoryBranchResponseDto.swift */,
				0E0A2917275FF196008AA72E /* RepositoryContributorsResponseDto.swift */,
				0E0A291B275FF4D5008AA72E /* RepositoryContributorResponseDto.swift */,
			);
			path = DTOs;
			sourceTree = "<group>";
		};
		0E12AF61275EA32600B67984 /* models */ = {
			isa = PBXGroup;
			children = (
				0E12AF62275EA33B00B67984 /* RepositoryDetails.swift */,
				0E12AF64275EA64A00B67984 /* Repositories.swift */,
			);
			path = models;
			sourceTree = "<group>";
		};
		0E675A57275E29970026C69E /* src */ = {
			isa = PBXGroup;
			children = (
				02CE3DFF275E85F700D5DC6C /* components */,
				0E12AF51275E4E8B00B67984 /* API */,
				0E12AF4C275E2DD400B67984 /* views */,
				0E12AF4D275E2E2000B67984 /* controllers */,
				0E12AF4E275E2E2800B67984 /* delegates */,
			);
			path = src;
			sourceTree = "<group>";
		};
		0EF776BE275E296C00F0B742 = {
			isa = PBXGroup;
			children = (
				0E12AF52275E534300B67984 /* mocks */,
				0EF776C9275E296C00F0B742 /* desafio-modal */,
				0EF776E0275E296E00F0B742 /* desafio-modalTests */,
				0EF776EA275E296E00F0B742 /* desafio-modalUITests */,
				0EF776C8275E296C00F0B742 /* Products */,
			);
			sourceTree = "<group>";
		};
		0EF776C8275E296C00F0B742 /* Products */ = {
			isa = PBXGroup;
			children = (
				0EF776C7275E296C00F0B742 /* desafio-modal.app */,
				0EF776DD275E296E00F0B742 /* desafio-modalTests.xctest */,
				0EF776E7275E296E00F0B742 /* desafio-modalUITests.xctest */,
			);
			name = Products;
			sourceTree = "<group>";
		};
		0EF776C9275E296C00F0B742 /* desafio-modal */ = {
			isa = PBXGroup;
			children = (
				0E675A57275E29970026C69E /* src */,
				0EF776D3275E296E00F0B742 /* Assets.xcassets */,
				0EF776D8275E296E00F0B742 /* Info.plist */,
				D82A843AE6246870E40A0015 /* Github_Teste.md */,
			);
			path = "desafio-modal";
			sourceTree = "<group>";
		};
		0EF776E0275E296E00F0B742 /* desafio-modalTests */ = {
			isa = PBXGroup;
			children = (
				0EF776E1275E296E00F0B742 /* DesafioModalTests.swift */,
			);
			path = "desafio-modalTests";
			sourceTree = "<group>";
		};
		0EF776EA275E296E00F0B742 /* desafio-modalUITests */ = {
			isa = PBXGroup;
			children = (
				0EF776EB275E296E00F0B742 /* DesafioModalUITests.swift */,
				0EF776ED275E296E00F0B742 /* DesafioModalUITestsLaunchTests.swift */,
			);
			path = "desafio-modalUITests";
			sourceTree = "<group>";
		};
		D54B00D2F21E52996E083D87 /* Components */ = {
			isa = PBXGroup;
			children = (
			);
			path = Components;
			sourceTree = "<group>";
		};
/* End PBXGroup section */

/* Begin PBXNativeTarget section */
		0EF776C6275E296C00F0B742 /* desafio-modal */ = {
			isa = PBXNativeTarget;
			buildConfigurationList = 0EF776F1275E296E00F0B742 /* Build configuration list for PBXNativeTarget "desafio-modal" */;
			buildPhases = (
				0EF776C3275E296C00F0B742 /* Sources */,
				0E675A58275E2A0A0026C69E /* Run linter */,
				0EF776C4275E296C00F0B742 /* Frameworks */,
				0EF776C5275E296C00F0B742 /* Resources */,
			);
			buildRules = (
			);
			dependencies = (
			);
			name = "desafio-modal";
			productName = "desafio-modal";
			productReference = 0EF776C7275E296C00F0B742 /* desafio-modal.app */;
			productType = "com.apple.product-type.application";
		};
		0EF776DC275E296E00F0B742 /* desafio-modalTests */ = {
			isa = PBXNativeTarget;
			buildConfigurationList = 0EF776F4275E296E00F0B742 /* Build configuration list for PBXNativeTarget "desafio-modalTests" */;
			buildPhases = (
				0EF776D9275E296E00F0B742 /* Sources */,
				0EF776DA275E296E00F0B742 /* Frameworks */,
				0EF776DB275E296E00F0B742 /* Resources */,
			);
			buildRules = (
			);
			dependencies = (
				0EF776DF275E296E00F0B742 /* PBXTargetDependency */,
			);
			name = "desafio-modalTests";
			productName = "desafio-modalTests";
			productReference = 0EF776DD275E296E00F0B742 /* desafio-modalTests.xctest */;
			productType = "com.apple.product-type.bundle.unit-test";
		};
		0EF776E6275E296E00F0B742 /* desafio-modalUITests */ = {
			isa = PBXNativeTarget;
			buildConfigurationList = 0EF776F7275E296E00F0B742 /* Build configuration list for PBXNativeTarget "desafio-modalUITests" */;
			buildPhases = (
				0EF776E3275E296E00F0B742 /* Sources */,
				0EF776E4275E296E00F0B742 /* Frameworks */,
				0EF776E5275E296E00F0B742 /* Resources */,
			);
			buildRules = (
			);
			dependencies = (
				0EF776E9275E296E00F0B742 /* PBXTargetDependency */,
			);
			name = "desafio-modalUITests";
			productName = "desafio-modalUITests";
			productReference = 0EF776E7275E296E00F0B742 /* desafio-modalUITests.xctest */;
			productType = "com.apple.product-type.bundle.ui-testing";
		};
/* End PBXNativeTarget section */

/* Begin PBXProject section */
		0EF776BF275E296C00F0B742 /* Project object */ = {
			isa = PBXProject;
			attributes = {
				BuildIndependentTargetsInParallel = 1;
				LastSwiftUpdateCheck = 1310;
				LastUpgradeCheck = 1310;
				TargetAttributes = {
					0EF776C6275E296C00F0B742 = {
						CreatedOnToolsVersion = 13.1;
					};
					0EF776DC275E296E00F0B742 = {
						CreatedOnToolsVersion = 13.1;
						TestTargetID = 0EF776C6275E296C00F0B742;
					};
					0EF776E6275E296E00F0B742 = {
						CreatedOnToolsVersion = 13.1;
						TestTargetID = 0EF776C6275E296C00F0B742;
					};
				};
			};
			buildConfigurationList = 0EF776C2275E296C00F0B742 /* Build configuration list for PBXProject "desafio-modal" */;
			compatibilityVersion = "Xcode 13.0";
			developmentRegion = en;
			hasScannedForEncodings = 0;
			knownRegions = (
				en,
				Base,
			);
			mainGroup = 0EF776BE275E296C00F0B742;
			productRefGroup = 0EF776C8275E296C00F0B742 /* Products */;
			projectDirPath = "";
			projectRoot = "";
			targets = (
				0EF776C6275E296C00F0B742 /* desafio-modal */,
				0EF776DC275E296E00F0B742 /* desafio-modalTests */,
				0EF776E6275E296E00F0B742 /* desafio-modalUITests */,
			);
		};
/* End PBXProject section */

/* Begin PBXResourcesBuildPhase section */
		0EF776C5275E296C00F0B742 /* Resources */ = {
			isa = PBXResourcesBuildPhase;
			buildActionMask = 2147483647;
			files = (
				0E0A291A275FF414008AA72E /* repository-contributors-response-mock.json in Resources */,
				0EF776D7275E296E00F0B742 /* LaunchScreen.storyboard in Resources */,
				0E12AF4B275E2DC900B67984 /* ViewController.xib in Resources */,
				02CE3E07275E8DD900D5DC6C /* SetFilterButtons.xib in Resources */,
				0E12AF67275EACA400B67984 /* repository-readme-mock.md in Resources */,
				0E12AF60275E93FD00B67984 /* repository-details-response-mock.json in Resources */,
				0E12AF54275E535C00B67984 /* repositories-response-mock.json in Resources */,
				0EF776D4275E296E00F0B742 /* Assets.xcassets in Resources */,
				0E0A290E275F83EF008AA72E /* repository-branches-response-mock.json in Resources */,
				2B0BCB6F0B85534D45DE8CC4 /* Github_Teste.md in Resources */,
				2FA737CD2BA380EE16C95DDE /* GitTableViewCell.xib in Resources */,
			);
			runOnlyForDeploymentPostprocessing = 0;
		};
		0EF776DB275E296E00F0B742 /* Resources */ = {
			isa = PBXResourcesBuildPhase;
			buildActionMask = 2147483647;
			files = (
			);
			runOnlyForDeploymentPostprocessing = 0;
		};
		0EF776E5275E296E00F0B742 /* Resources */ = {
			isa = PBXResourcesBuildPhase;
			buildActionMask = 2147483647;
			files = (
			);
			runOnlyForDeploymentPostprocessing = 0;
		};
/* End PBXResourcesBuildPhase section */

/* Begin PBXShellScriptBuildPhase section */
		0E675A58275E2A0A0026C69E /* Run linter */ = {
			isa = PBXShellScriptBuildPhase;
			buildActionMask = 2147483647;
			files = (
			);
			inputFileListPaths = (
			);
			inputPaths = (
			);
			name = "Run linter";
			outputFileListPaths = (
			);
			outputPaths = (
			);
			runOnlyForDeploymentPostprocessing = 0;
			shellPath = /bin/sh;
			shellScript = "swiftlint='/opt/homebrew/bin/swiftlint'\n\nif which $swiftlint >/dev/null; then\n    $swiftlint autocorrect && $swiftlint\nelse\n    echo \"warning: SwiftLint not installed, download from https://github.com/realm/SwiftLint\"\nfi\n";
		};
/* End PBXShellScriptBuildPhase section */

/* Begin PBXSourcesBuildPhase section */
		0EF776C3275E296C00F0B742 /* Sources */ = {
			isa = PBXSourcesBuildPhase;
			buildActionMask = 2147483647;
			files = (
				0EF776CF275E296C00F0B742 /* ViewController.swift in Sources */,
				0E12AF65275EA64A00B67984 /* Repositories.swift in Sources */,
				0EF776CB275E296C00F0B742 /* AppDelegate.swift in Sources */,
				02CE3E05275E8DC900D5DC6C /* SetFilterButtons.swift in Sources */,
				0E12AF63275EA33B00B67984 /* RepositoryDetails.swift in Sources */,
				0E0A2918275FF196008AA72E /* RepositoryContributorsResponseDto.swift in Sources */,
				0E0A291C275FF4D5008AA72E /* RepositoryContributorResponseDto.swift in Sources */,
				0E0A2910275F84F5008AA72E /* RepositoryBranchResponseDto.swift in Sources */,
				0EF776CD275E296C00F0B742 /* SceneDelegate.swift in Sources */,
				0E12AF69275EAEB900B67984 /* RepositoryReadmeResponseDto.swift in Sources */,
				0E0A290C275F82C3008AA72E /* RepositoryBranchesResponseDto.swift in Sources */,
				0E12AF57275E647600B67984 /* DataMockable.swift in Sources */,
				0E12AF5C275E64D400B67984 /* RepositoryResponseDto.swift in Sources */,
				0E12AF5E275E8F1E00B67984 /* RepositoryDetailsResponseDto.swift in Sources */,
				0E12AF5A275E64B600B67984 /* RepositoriesResponseDto.swift in Sources */,
				0E12AF50275E4CBB00B67984 /* GitHubApi.swift in Sources */,
				8F3A012B447D920B83E0CE61 /* GitTableViewCell.swift in Sources */,
			);
			runOnlyForDeploymentPostprocessing = 0;
		};
		0EF776D9275E296E00F0B742 /* Sources */ = {
			isa = PBXSourcesBuildPhase;
			buildActionMask = 2147483647;
			files = (
				0EF776E2275E296E00F0B742 /* DesafioModalTests.swift in Sources */,
			);
			runOnlyForDeploymentPostprocessing = 0;
		};
		0EF776E3275E296E00F0B742 /* Sources */ = {
			isa = PBXSourcesBuildPhase;
			buildActionMask = 2147483647;
			files = (
				0EF776EE275E296E00F0B742 /* DesafioModalUITestsLaunchTests.swift in Sources */,
				0EF776EC275E296E00F0B742 /* DesafioModalUITests.swift in Sources */,
			);
			runOnlyForDeploymentPostprocessing = 0;
		};
/* End PBXSourcesBuildPhase section */

/* Begin PBXTargetDependency section */
		0EF776DF275E296E00F0B742 /* PBXTargetDependency */ = {
			isa = PBXTargetDependency;
			target = 0EF776C6275E296C00F0B742 /* desafio-modal */;
			targetProxy = 0EF776DE275E296E00F0B742 /* PBXContainerItemProxy */;
		};
		0EF776E9275E296E00F0B742 /* PBXTargetDependency */ = {
			isa = PBXTargetDependency;
			target = 0EF776C6275E296C00F0B742 /* desafio-modal */;
			targetProxy = 0EF776E8275E296E00F0B742 /* PBXContainerItemProxy */;
		};
/* End PBXTargetDependency section */

/* Begin PBXVariantGroup section */
		0EF776D5275E296E00F0B742 /* LaunchScreen.storyboard */ = {
			isa = PBXVariantGroup;
			children = (
				0EF776D6275E296E00F0B742 /* Base */,
			);
			name = LaunchScreen.storyboard;
			sourceTree = "<group>";
		};
/* End PBXVariantGroup section */

/* Begin XCBuildConfiguration section */
		0EF776EF275E296E00F0B742 /* Debug */ = {
			isa = XCBuildConfiguration;
			buildSettings = {
				ALWAYS_SEARCH_USER_PATHS = NO;
				CLANG_ANALYZER_NONNULL = YES;
				CLANG_ANALYZER_NUMBER_OBJECT_CONVERSION = YES_AGGRESSIVE;
				CLANG_CXX_LANGUAGE_STANDARD = "gnu++17";
				CLANG_CXX_LIBRARY = "libc++";
				CLANG_ENABLE_MODULES = YES;
				CLANG_ENABLE_OBJC_ARC = YES;
				CLANG_ENABLE_OBJC_WEAK = YES;
				CLANG_WARN_BLOCK_CAPTURE_AUTORELEASING = YES;
				CLANG_WARN_BOOL_CONVERSION = YES;
				CLANG_WARN_COMMA = YES;
				CLANG_WARN_CONSTANT_CONVERSION = YES;
				CLANG_WARN_DEPRECATED_OBJC_IMPLEMENTATIONS = YES;
				CLANG_WARN_DIRECT_OBJC_ISA_USAGE = YES_ERROR;
				CLANG_WARN_DOCUMENTATION_COMMENTS = YES;
				CLANG_WARN_EMPTY_BODY = YES;
				CLANG_WARN_ENUM_CONVERSION = YES;
				CLANG_WARN_INFINITE_RECURSION = YES;
				CLANG_WARN_INT_CONVERSION = YES;
				CLANG_WARN_NON_LITERAL_NULL_CONVERSION = YES;
				CLANG_WARN_OBJC_IMPLICIT_RETAIN_SELF = YES;
				CLANG_WARN_OBJC_LITERAL_CONVERSION = YES;
				CLANG_WARN_OBJC_ROOT_CLASS = YES_ERROR;
				CLANG_WARN_QUOTED_INCLUDE_IN_FRAMEWORK_HEADER = YES;
				CLANG_WARN_RANGE_LOOP_ANALYSIS = YES;
				CLANG_WARN_STRICT_PROTOTYPES = YES;
				CLANG_WARN_SUSPICIOUS_MOVE = YES;
				CLANG_WARN_UNGUARDED_AVAILABILITY = YES_AGGRESSIVE;
				CLANG_WARN_UNREACHABLE_CODE = YES;
				CLANG_WARN__DUPLICATE_METHOD_MATCH = YES;
				COPY_PHASE_STRIP = NO;
				DEBUG_INFORMATION_FORMAT = dwarf;
				ENABLE_STRICT_OBJC_MSGSEND = YES;
				ENABLE_TESTABILITY = YES;
				GCC_C_LANGUAGE_STANDARD = gnu11;
				GCC_DYNAMIC_NO_PIC = NO;
				GCC_NO_COMMON_BLOCKS = YES;
				GCC_OPTIMIZATION_LEVEL = 0;
				GCC_PREPROCESSOR_DEFINITIONS = (
					"DEBUG=1",
					"$(inherited)",
				);
				GCC_WARN_64_TO_32_BIT_CONVERSION = YES;
				GCC_WARN_ABOUT_RETURN_TYPE = YES_ERROR;
				GCC_WARN_UNDECLARED_SELECTOR = YES;
				GCC_WARN_UNINITIALIZED_AUTOS = YES_AGGRESSIVE;
				GCC_WARN_UNUSED_FUNCTION = YES;
				GCC_WARN_UNUSED_VARIABLE = YES;
				IPHONEOS_DEPLOYMENT_TARGET = 15.0;
				MTL_ENABLE_DEBUG_INFO = INCLUDE_SOURCE;
				MTL_FAST_MATH = YES;
				ONLY_ACTIVE_ARCH = YES;
				SDKROOT = iphoneos;
				SWIFT_ACTIVE_COMPILATION_CONDITIONS = DEBUG;
				SWIFT_OPTIMIZATION_LEVEL = "-Onone";
			};
			name = Debug;
		};
		0EF776F0275E296E00F0B742 /* Release */ = {
			isa = XCBuildConfiguration;
			buildSettings = {
				ALWAYS_SEARCH_USER_PATHS = NO;
				CLANG_ANALYZER_NONNULL = YES;
				CLANG_ANALYZER_NUMBER_OBJECT_CONVERSION = YES_AGGRESSIVE;
				CLANG_CXX_LANGUAGE_STANDARD = "gnu++17";
				CLANG_CXX_LIBRARY = "libc++";
				CLANG_ENABLE_MODULES = YES;
				CLANG_ENABLE_OBJC_ARC = YES;
				CLANG_ENABLE_OBJC_WEAK = YES;
				CLANG_WARN_BLOCK_CAPTURE_AUTORELEASING = YES;
				CLANG_WARN_BOOL_CONVERSION = YES;
				CLANG_WARN_COMMA = YES;
				CLANG_WARN_CONSTANT_CONVERSION = YES;
				CLANG_WARN_DEPRECATED_OBJC_IMPLEMENTATIONS = YES;
				CLANG_WARN_DIRECT_OBJC_ISA_USAGE = YES_ERROR;
				CLANG_WARN_DOCUMENTATION_COMMENTS = YES;
				CLANG_WARN_EMPTY_BODY = YES;
				CLANG_WARN_ENUM_CONVERSION = YES;
				CLANG_WARN_INFINITE_RECURSION = YES;
				CLANG_WARN_INT_CONVERSION = YES;
				CLANG_WARN_NON_LITERAL_NULL_CONVERSION = YES;
				CLANG_WARN_OBJC_IMPLICIT_RETAIN_SELF = YES;
				CLANG_WARN_OBJC_LITERAL_CONVERSION = YES;
				CLANG_WARN_OBJC_ROOT_CLASS = YES_ERROR;
				CLANG_WARN_QUOTED_INCLUDE_IN_FRAMEWORK_HEADER = YES;
				CLANG_WARN_RANGE_LOOP_ANALYSIS = YES;
				CLANG_WARN_STRICT_PROTOTYPES = YES;
				CLANG_WARN_SUSPICIOUS_MOVE = YES;
				CLANG_WARN_UNGUARDED_AVAILABILITY = YES_AGGRESSIVE;
				CLANG_WARN_UNREACHABLE_CODE = YES;
				CLANG_WARN__DUPLICATE_METHOD_MATCH = YES;
				COPY_PHASE_STRIP = NO;
				DEBUG_INFORMATION_FORMAT = "dwarf-with-dsym";
				ENABLE_NS_ASSERTIONS = NO;
				ENABLE_STRICT_OBJC_MSGSEND = YES;
				GCC_C_LANGUAGE_STANDARD = gnu11;
				GCC_NO_COMMON_BLOCKS = YES;
				GCC_WARN_64_TO_32_BIT_CONVERSION = YES;
				GCC_WARN_ABOUT_RETURN_TYPE = YES_ERROR;
				GCC_WARN_UNDECLARED_SELECTOR = YES;
				GCC_WARN_UNINITIALIZED_AUTOS = YES_AGGRESSIVE;
				GCC_WARN_UNUSED_FUNCTION = YES;
				GCC_WARN_UNUSED_VARIABLE = YES;
				IPHONEOS_DEPLOYMENT_TARGET = 15.0;
				MTL_ENABLE_DEBUG_INFO = NO;
				MTL_FAST_MATH = YES;
				SDKROOT = iphoneos;
				SWIFT_COMPILATION_MODE = wholemodule;
				SWIFT_OPTIMIZATION_LEVEL = "-O";
				VALIDATE_PRODUCT = YES;
			};
			name = Release;
		};
		0EF776F2275E296E00F0B742 /* Debug */ = {
			isa = XCBuildConfiguration;
			buildSettings = {
				ASSETCATALOG_COMPILER_APPICON_NAME = AppIcon;
				ASSETCATALOG_COMPILER_GLOBAL_ACCENT_COLOR_NAME = AccentColor;
				CODE_SIGN_STYLE = Automatic;
				CURRENT_PROJECT_VERSION = 1;
				GENERATE_INFOPLIST_FILE = YES;
				INFOPLIST_FILE = "desafio-modal/Info.plist";
				INFOPLIST_KEY_UIApplicationSupportsIndirectInputEvents = YES;
				INFOPLIST_KEY_UILaunchStoryboardName = LaunchScreen;
				INFOPLIST_KEY_UISupportedInterfaceOrientations_iPad = "UIInterfaceOrientationPortrait UIInterfaceOrientationPortraitUpsideDown UIInterfaceOrientationLandscapeLeft UIInterfaceOrientationLandscapeRight";
				INFOPLIST_KEY_UISupportedInterfaceOrientations_iPhone = "UIInterfaceOrientationPortrait UIInterfaceOrientationLandscapeLeft UIInterfaceOrientationLandscapeRight";
				LD_RUNPATH_SEARCH_PATHS = (
					"$(inherited)",
					"@executable_path/Frameworks",
				);
				MARKETING_VERSION = 1.0;
				PRODUCT_BUNDLE_IDENTIFIER = "com.example.desafio-modal";
				PRODUCT_NAME = "$(TARGET_NAME)";
				SWIFT_EMIT_LOC_STRINGS = YES;
				SWIFT_VERSION = 5.0;
				TARGETED_DEVICE_FAMILY = "1,2";
			};
			name = Debug;
		};
		0EF776F3275E296E00F0B742 /* Release */ = {
			isa = XCBuildConfiguration;
			buildSettings = {
				ASSETCATALOG_COMPILER_APPICON_NAME = AppIcon;
				ASSETCATALOG_COMPILER_GLOBAL_ACCENT_COLOR_NAME = AccentColor;
				CODE_SIGN_STYLE = Automatic;
				CURRENT_PROJECT_VERSION = 1;
				GENERATE_INFOPLIST_FILE = YES;
				INFOPLIST_FILE = "desafio-modal/Info.plist";
				INFOPLIST_KEY_UIApplicationSupportsIndirectInputEvents = YES;
				INFOPLIST_KEY_UILaunchStoryboardName = LaunchScreen;
				INFOPLIST_KEY_UISupportedInterfaceOrientations_iPad = "UIInterfaceOrientationPortrait UIInterfaceOrientationPortraitUpsideDown UIInterfaceOrientationLandscapeLeft UIInterfaceOrientationLandscapeRight";
				INFOPLIST_KEY_UISupportedInterfaceOrientations_iPhone = "UIInterfaceOrientationPortrait UIInterfaceOrientationLandscapeLeft UIInterfaceOrientationLandscapeRight";
				LD_RUNPATH_SEARCH_PATHS = (
					"$(inherited)",
					"@executable_path/Frameworks",
				);
				MARKETING_VERSION = 1.0;
				PRODUCT_BUNDLE_IDENTIFIER = "com.example.desafio-modal";
				PRODUCT_NAME = "$(TARGET_NAME)";
				SWIFT_EMIT_LOC_STRINGS = YES;
				SWIFT_VERSION = 5.0;
				TARGETED_DEVICE_FAMILY = "1,2";
			};
			name = Release;
		};
		0EF776F5275E296E00F0B742 /* Debug */ = {
			isa = XCBuildConfiguration;
			buildSettings = {
				ALWAYS_EMBED_SWIFT_STANDARD_LIBRARIES = YES;
				BUNDLE_LOADER = "$(TEST_HOST)";
				CODE_SIGN_STYLE = Automatic;
				CURRENT_PROJECT_VERSION = 1;
				GENERATE_INFOPLIST_FILE = YES;
				IPHONEOS_DEPLOYMENT_TARGET = 15.0;
				LD_RUNPATH_SEARCH_PATHS = (
					"$(inherited)",
					"@executable_path/Frameworks",
					"@loader_path/Frameworks",
				);
				MARKETING_VERSION = 1.0;
				PRODUCT_BUNDLE_IDENTIFIER = "com.example.desafio-modalTests";
				PRODUCT_NAME = "$(TARGET_NAME)";
				SWIFT_EMIT_LOC_STRINGS = NO;
				SWIFT_VERSION = 5.0;
				TARGETED_DEVICE_FAMILY = "1,2";
				TEST_HOST = "$(BUILT_PRODUCTS_DIR)/desafio-modal.app/desafio-modal";
			};
			name = Debug;
		};
		0EF776F6275E296E00F0B742 /* Release */ = {
			isa = XCBuildConfiguration;
			buildSettings = {
				ALWAYS_EMBED_SWIFT_STANDARD_LIBRARIES = YES;
				BUNDLE_LOADER = "$(TEST_HOST)";
				CODE_SIGN_STYLE = Automatic;
				CURRENT_PROJECT_VERSION = 1;
				GENERATE_INFOPLIST_FILE = YES;
				IPHONEOS_DEPLOYMENT_TARGET = 15.0;
				LD_RUNPATH_SEARCH_PATHS = (
					"$(inherited)",
					"@executable_path/Frameworks",
					"@loader_path/Frameworks",
				);
				MARKETING_VERSION = 1.0;
				PRODUCT_BUNDLE_IDENTIFIER = "com.example.desafio-modalTests";
				PRODUCT_NAME = "$(TARGET_NAME)";
				SWIFT_EMIT_LOC_STRINGS = NO;
				SWIFT_VERSION = 5.0;
				TARGETED_DEVICE_FAMILY = "1,2";
				TEST_HOST = "$(BUILT_PRODUCTS_DIR)/desafio-modal.app/desafio-modal";
			};
			name = Release;
		};
		0EF776F8275E296E00F0B742 /* Debug */ = {
			isa = XCBuildConfiguration;
			buildSettings = {
				ALWAYS_EMBED_SWIFT_STANDARD_LIBRARIES = YES;
				CODE_SIGN_STYLE = Automatic;
				CURRENT_PROJECT_VERSION = 1;
				GENERATE_INFOPLIST_FILE = YES;
				LD_RUNPATH_SEARCH_PATHS = (
					"$(inherited)",
					"@executable_path/Frameworks",
					"@loader_path/Frameworks",
				);
				MARKETING_VERSION = 1.0;
				PRODUCT_BUNDLE_IDENTIFIER = "com.example.desafio-modalUITests";
				PRODUCT_NAME = "$(TARGET_NAME)";
				SWIFT_EMIT_LOC_STRINGS = NO;
				SWIFT_VERSION = 5.0;
				TARGETED_DEVICE_FAMILY = "1,2";
				TEST_TARGET_NAME = "desafio-modal";
			};
			name = Debug;
		};
		0EF776F9275E296E00F0B742 /* Release */ = {
			isa = XCBuildConfiguration;
			buildSettings = {
				ALWAYS_EMBED_SWIFT_STANDARD_LIBRARIES = YES;
				CODE_SIGN_STYLE = Automatic;
				CURRENT_PROJECT_VERSION = 1;
				GENERATE_INFOPLIST_FILE = YES;
				LD_RUNPATH_SEARCH_PATHS = (
					"$(inherited)",
					"@executable_path/Frameworks",
					"@loader_path/Frameworks",
				);
				MARKETING_VERSION = 1.0;
				PRODUCT_BUNDLE_IDENTIFIER = "com.example.desafio-modalUITests";
				PRODUCT_NAME = "$(TARGET_NAME)";
				SWIFT_EMIT_LOC_STRINGS = NO;
				SWIFT_VERSION = 5.0;
				TARGETED_DEVICE_FAMILY = "1,2";
				TEST_TARGET_NAME = "desafio-modal";
			};
			name = Release;
		};
/* End XCBuildConfiguration section */

/* Begin XCConfigurationList section */
		0EF776C2275E296C00F0B742 /* Build configuration list for PBXProject "desafio-modal" */ = {
			isa = XCConfigurationList;
			buildConfigurations = (
				0EF776EF275E296E00F0B742 /* Debug */,
				0EF776F0275E296E00F0B742 /* Release */,
			);
			defaultConfigurationIsVisible = 0;
			defaultConfigurationName = Release;
		};
		0EF776F1275E296E00F0B742 /* Build configuration list for PBXNativeTarget "desafio-modal" */ = {
			isa = XCConfigurationList;
			buildConfigurations = (
				0EF776F2275E296E00F0B742 /* Debug */,
				0EF776F3275E296E00F0B742 /* Release */,
			);
			defaultConfigurationIsVisible = 0;
			defaultConfigurationName = Release;
		};
		0EF776F4275E296E00F0B742 /* Build configuration list for PBXNativeTarget "desafio-modalTests" */ = {
			isa = XCConfigurationList;
			buildConfigurations = (
				0EF776F5275E296E00F0B742 /* Debug */,
				0EF776F6275E296E00F0B742 /* Release */,
			);
			defaultConfigurationIsVisible = 0;
			defaultConfigurationName = Release;
		};
		0EF776F7275E296E00F0B742 /* Build configuration list for PBXNativeTarget "desafio-modalUITests" */ = {
			isa = XCConfigurationList;
			buildConfigurations = (
				0EF776F8275E296E00F0B742 /* Debug */,
				0EF776F9275E296E00F0B742 /* Release */,
			);
			defaultConfigurationIsVisible = 0;
			defaultConfigurationName = Release;
		};
/* End XCConfigurationList section */
	};
	rootObject = 0EF776BF275E296C00F0B742 /* Project object */;
}
